
Microsoft Visual Studio Solution File, Format Version 12.00
# Visual Studio Version 17
VisualStudioVersion = 17.4.33205.214
MinimumVisualStudioVersion = 10.0.40219.1
Project("{FAE04EC0-301F-11D3-BF4B-00C04F79EFBC}") = "Gestran", "Gestran\Gestran.csproj", "{39333EA7-ED27-48DD-984B-3DF21CC321E4}"
EndProject
Global
	GlobalSection(SolutionConfigurationPlatforms) = preSolution
		Debug|Any CPU = Debug|Any CPU
		Release|Any CPU = Release|Any CPU
	EndGlobalSection
	GlobalSection(ProjectConfigurationPlatforms) = postSolution
		{39333EA7-ED27-48DD-984B-3DF21CC321E4}.Debug|Any CPU.ActiveCfg = Debug|Any CPU
		{39333EA7-ED27-48DD-984B-3DF21CC321E4}.Debug|Any CPU.Build.0 = Debug|Any CPU
		{39333EA7-ED27-48DD-984B-3DF21CC321E4}.Release|Any CPU.ActiveCfg = Release|Any CPU
		{39333EA7-ED27-48DD-984B-3DF21CC321E4}.Release|Any CPU.Build.0 = Release|Any CPU
	EndGlobalSection
	GlobalSection(SolutionProperties) = preSolution
		HideSolutionNode = FALSE
	EndGlobalSection
	GlobalSection(ExtensibilityGlobals) = postSolution
		SolutionGuid = {5AC3DC0C-A420-4CE2-912C-D62B9D4FBA24}
	EndGlobalSection
EndGlobal
